
Microsoft Visual Studio Solution File, Format Version 12.00
# Visual Studio Version 16
VisualStudioVersion = 16.0.30114.105
MinimumVisualStudioVersion = 10.0.40219.1
Project("{FAE04EC0-301F-11D3-BF4B-00C04F79EFBC}") = "KittyServices", "KittyServices\KittyServices.csproj", "{47F6995B-75B3-4E84-BBEF-4E3E1FD44E20}"
EndProject
Global
	GlobalSection(SolutionConfigurationPlatforms) = preSolution
		Debug|Any CPU = Debug|Any CPU
		Release|Any CPU = Release|Any CPU
	EndGlobalSection
	GlobalSection(ProjectConfigurationPlatforms) = postSolution
		{47F6995B-75B3-4E84-BBEF-4E3E1FD44E20}.Debug|Any CPU.ActiveCfg = Debug|Any CPU
		{47F6995B-75B3-4E84-BBEF-4E3E1FD44E20}.Debug|Any CPU.Build.0 = Debug|Any CPU
		{47F6995B-75B3-4E84-BBEF-4E3E1FD44E20}.Release|Any CPU.ActiveCfg = Release|Any CPU
		{47F6995B-75B3-4E84-BBEF-4E3E1FD44E20}.Release|Any CPU.Build.0 = Release|Any CPU
	EndGlobalSection
	GlobalSection(SolutionProperties) = preSolution
		HideSolutionNode = FALSE
	EndGlobalSection
	GlobalSection(ExtensibilityGlobals) = postSolution
		SolutionGuid = {B8DD2596-9B01-4D0A-B3E9-94AC1A33DA0F}
	EndGlobalSection
EndGlobal
